
Microsoft Visual Studio Solution File, Format Version 12.00
# Visual Studio Version 16
VisualStudioVersion = 16.0.29503.13
MinimumVisualStudioVersion = 10.0.40219.1
Project("{FAE04EC0-301F-11D3-BF4B-00C04F79EFBC}") = "Durak_Group3", "Durak_Group3.csproj", "{858F290D-A03B-4E5E-8CAD-C00B2094BF6C}"
EndProject
Global
	GlobalSection(SolutionConfigurationPlatforms) = preSolution
		Debug|Any CPU = Debug|Any CPU
		Release|Any CPU = Release|Any CPU
	EndGlobalSection
	GlobalSection(ProjectConfigurationPlatforms) = postSolution
		{858F290D-A03B-4E5E-8CAD-C00B2094BF6C}.Debug|Any CPU.ActiveCfg = Debug|Any CPU
		{858F290D-A03B-4E5E-8CAD-C00B2094BF6C}.Debug|Any CPU.Build.0 = Debug|Any CPU
		{858F290D-A03B-4E5E-8CAD-C00B2094BF6C}.Release|Any CPU.ActiveCfg = Release|Any CPU
		{858F290D-A03B-4E5E-8CAD-C00B2094BF6C}.Release|Any CPU.Build.0 = Release|Any CPU
	EndGlobalSection
	GlobalSection(SolutionProperties) = preSolution
		HideSolutionNode = FALSE
	EndGlobalSection
	GlobalSection(ExtensibilityGlobals) = postSolution
		SolutionGuid = {107A2FBA-6983-42CB-85BF-4CE413C66E5F}
	EndGlobalSection
EndGlobal
